Microsoft Visual Studio Solution File, Format Version 12.00
# Visual Studio Version 16
VisualStudioVersion = 16.0.29509.3
MinimumVisualStudioVersion = 10.0.40219.1
Project("{2150E333-8FDC-42A3-9474-1A3956D46DE8}") = "Services", "Services", "{E404AEAF-9CD5-442E-AF26-00E64141E32C}"
EndProject
Project("{2150E333-8FDC-42A3-9474-1A3956D46DE8}") = "Web", "Web", "{9277B42E-4C23-4EEF-A0D2-F1663BA52CE5}"
EndProject
Project("{2150E333-8FDC-42A3-9474-1A3956D46DE8}") = "App", "App", "{CD263889-8DEF-4057-9D3A-0BE36AF3A23F}"
EndProject
Project("{2150E333-8FDC-42A3-9474-1A3956D46DE8}") = "src", "src", "{5DD87A69-2999-46ED-87CD-6735C3D29785}"
EndProject
Project("{2150E333-8FDC-42A3-9474-1A3956D46DE8}") = "tests", "tests", "{6A205C76-F02F-46FA-8387-259F6CEBA2C9}"
EndProject
Project("{2150E333-8FDC-42A3-9474-1A3956D46DE8}") = "Catalog", "Catalog", "{E16777E2-E24F-4FB7-9BA1-9643D9FB4DF2}"
EndProject
Project("{9A19103F-16F7-4668-BE54-9A1E7A4F7556}") = "Catalog.API", "src\Services\Catalog\Catalog.API\Catalog.API.csproj", "{451BE2FC-7AE7-4363-BE53-E77A3039C898}"
EndProject
Project("{9A19103F-16F7-4668-BE54-9A1E7A4F7556}") = "Catalog.FunctionalTests", "src\Services\Catalog\Catalog.FunctionalTests\Catalog.FunctionalTests.csproj", "{E2D15A20-9229-4D1E-AE5D-08AD464A4FB9}"
EndProject
Project("{9A19103F-16F7-4668-BE54-9A1E7A4F7556}") = "Catalog.UnitTests", "src\Services\Catalog\Catalog.UnitTests\Catalog.UnitTests.csproj", "{44DC42E4-AD70-4986-A9D3-E63FA300C840}"
EndProject
Project("{2150E333-8FDC-42A3-9474-1A3956D46DE8}") = "BuildingBlocks", "BuildingBlocks", "{95AAD33C-FEE4-431F-B348-126E4926FADB}"
EndProject
Project("{9A19103F-16F7-4668-BE54-9A1E7A4F7556}") = "EventBusRabbitMQ", "src\BuildingBlocks\EventBus\EventBusRabbitMQ\EventBusRabbitMQ.csproj", "{89153334-2E03-4550-BBDB-ABDC5DACB991}"
EndProject
Project("{2150E333-8FDC-42A3-9474-1A3956D46DE8}") = "EventBus", "EventBus", "{39E7E155-EC8C-4392-83A3-8285884F32FA}"
EndProject
Project("{9A19103F-16F7-4668-BE54-9A1E7A4F7556}") = "EventBusServiceBus", "src\BuildingBlocks\EventBus\EventBusServiceBus\EventBusServiceBus.csproj", "{5C6BD72A-ABE5-46B6-81AE-D7742A9AB0E4}"
EndProject
Project("{9A19103F-16F7-4668-BE54-9A1E7A4F7556}") = "EventBus", "src\BuildingBlocks\EventBus\EventBus\EventBus.csproj", "{4F4EE811-676D-4493-8628-00079FDFCF3C}"
EndProject
Project("{9A19103F-16F7-4668-BE54-9A1E7A4F7556}") = "IntegrationEventLogEF", "src\BuildingBlocks\EventBus\IntegrationEventLogEF\IntegrationEventLogEF.csproj", "{1FF18CBC-734C-4B41-A79A-C2751B1C0501}"
EndProject
Project("{E53339B2-1760-4266-BCC7-CA923CBCF16C}") = "docker-compose", "src\docker-compose.dcproj", "{FEA0C318-FFED-4D39-8781-265718CA43DD}"
EndProject
Project("{2150E333-8FDC-42A3-9474-1A3956D46DE8}") = "Solution Items", "Solution Items", "{4178F93C-1B7A-410E-A027-6A17F40E5F7D}"
	ProjectSection(SolutionItems) = preProject
		src\NuGet.config = src\NuGet.config
	EndProjectSection
EndProject
Project("{2150E333-8FDC-42A3-9474-1A3956D46DE8}") = "Identity", "Identity", "{0DE6D1B6-1EE4-4336-9FB5-F111D70E1B46}"
EndProject
Project("{9A19103F-16F7-4668-BE54-9A1E7A4F7556}") = "Identity.API", "src\Services\Identity\Identity.API\Identity.API.csproj", "{DFACA35F-0CCE-4663-A197-27C07CF617E0}"
EndProject
Project("{2150E333-8FDC-42A3-9474-1A3956D46DE8}") = "Demo", "Demo", "{115E46B2-7A6D-4F01-8FBC-75C26CCE643A}"
EndProject
Project("{9A19103F-16F7-4668-BE54-9A1E7A4F7556}") = "WebApplication1", "demos\WebApplication1\WebApplication1.csproj", "{6CE17132-BD65-4A98-AD75-D996480F5899}"
EndProject
Project("{9A19103F-16F7-4668-BE54-9A1E7A4F7556}") = "ConsoleApp1", "src\App\ConsoleApp1\ConsoleApp1.csproj", "{B211A80C-2C93-4B4E-B076-2ADBEE5E19E2}"
EndProject
Project("{2150E333-8FDC-42A3-9474-1A3956D46DE8}") = "Console", "Console", "{BDB7AD48-3465-4F06-9237-6128372011F2}"
EndProject
Project("{2150E333-8FDC-42A3-9474-1A3956D46DE8}") = "Mobile", "Mobile", "{BC2A5D90-C9A7-41BD-8B35-318444AA5B3F}"
EndProject
Project("{2150E333-8FDC-42A3-9474-1A3956D46DE8}") = "WPF", "WPF", "{B358B8BF-783F-4B58-8458-DA6785F5B35C}"
EndProject
Project("{9A19103F-16F7-4668-BE54-9A1E7A4F7556}") = "WebApplication2", "demos\WebApplication2\WebApplication2.csproj", "{AC23378C-A043-4BDF-8E6B-9F4E1C8DE5F1}"
EndProject
Project("{9A19103F-16F7-4668-BE54-9A1E7A4F7556}") = "DemoAPIOcelot", "demos\DemoAPIOcelot\DemoAPIOcelot.csproj", "{E9AF6A18-032E-44FF-8AC8-7ECB227A8C6E}"
EndProject
Project("{9A19103F-16F7-4668-BE54-9A1E7A4F7556}") = "WebApplication3", "demos\WebApplication3\WebApplication3.csproj", "{7FB0C71C-B459-4C59-AFF0-69C5B69913F9}"
EndProject
Project("{2150E333-8FDC-42A3-9474-1A3956D46DE8}") = "Rabbit", "Rabbit", "{D98F11F4-8528-4E68-A51A-DF96F2942799}"
EndProject
Project("{9A19103F-16F7-4668-BE54-9A1E7A4F7556}") = "ProjectReceive", "demos\RabbitMQ\ProjectReceive\ProjectReceive.csproj", "{5A73917A-82EC-451D-BD46-F7E07FDE44F6}"
EndProject
Project("{9A19103F-16F7-4668-BE54-9A1E7A4F7556}") = "ProjectSend", "demos\RabbitMQ\ProjectSend\ProjectSend.csproj", "{F98BB850-318F-4617-A73A-C61AA47DA517}"
EndProject
Project("{2150E333-8FDC-42A3-9474-1A3956D46DE8}") = "Lib", "Lib", "{A9D7D679-7045-456C-B2CA-629ADEBA14A6}"
EndProject
Project("{2150E333-8FDC-42A3-9474-1A3956D46DE8}") = "Common", "Common", "{45C9FA81-424C-45A2-81FE-C84326247BAD}"
EndProject
Project("{9A19103F-16F7-4668-BE54-9A1E7A4F7556}") = "EIM.Core", "src\Common\EIM.Core\EIM.Core.csproj", "{3D1E5B05-261E-405B-A828-B430F03155CA}"
EndProject
Project("{9A19103F-16F7-4668-BE54-9A1E7A4F7556}") = "EIM.RegistryHost", "src\Common\EIM.RegistryHost\EIM.RegistryHost.csproj", "{686A7637-1B69-4D8F-AE39-7B6EB9CC1DD4}"
EndProject
Project("{9A19103F-16F7-4668-BE54-9A1E7A4F7556}") = "EIM.AspNetCore", "src\Common\EIM.AspNetCore\EIM.AspNetCore.csproj", "{B37C9C6B-CF92-452A-A338-EDDD02E39AB3}"
EndProject
Project("{9A19103F-16F7-4668-BE54-9A1E7A4F7556}") = "EIM.Router", "src\Common\EIM.Router\EIM.Router.csproj", "{1EA95CF3-0219-4F0B-9C76-EA3386499FC5}"
EndProject
Project("{9A19103F-16F7-4668-BE54-9A1E7A4F7556}") = "EIM.Mediatr", "src\Common\EIM.Mediatr\EIM.Mediatr.csproj", "{913E37DE-7542-475F-91AE-B80A86A35391}"
EndProject
Project("{2150E333-8FDC-42A3-9474-1A3956D46DE8}") = "sample", "sample", "{79A8E4C0-9F2E-4B16-9C2B-49F6A9B57B71}"
EndProject
Project("{9A19103F-16F7-4668-BE54-9A1E7A4F7556}") = "EIM.Autofac", "src\Common\EIM.Autofac\EIM.Autofac.csproj", "{2D542814-69FA-40F7-9125-CBA36AA566FB}"
EndProject
Project("{9A19103F-16F7-4668-BE54-9A1E7A4F7556}") = "EIM.AppMetrics", "src\Common\EIM.AppMetrics\EIM.AppMetrics.csproj", "{5C5B7C61-CD8F-4B3F-8B17-E98688340DBF}"
EndProject
Project("{9A19103F-16F7-4668-BE54-9A1E7A4F7556}") = "EIM.Swagger", "src\Common\EIM.Swagger\EIM.Swagger.csproj", "{34BDB0ED-39C7-42FC-A51C-2A3104A9B7F7}"
EndProject
Project("{9A19103F-16F7-4668-BE54-9A1E7A4F7556}") = "EIM.Exceptionless", "src\Common\EIM.Exceptionless\EIM.Exceptionless.csproj", "{147E47D5-20E6-4084-93E9-14A073151E04}"
EndProject
Project("{9A19103F-16F7-4668-BE54-9A1E7A4F7556}") = "EIM.IdentityServer", "src\Common\EIM.IdentityServer\EIM.IdentityServer.csproj", "{6DFC5380-80DA-42D1-B181-1DEFA34C0883}"
EndProject
Project("{9A19103F-16F7-4668-BE54-9A1E7A4F7556}") = "EIM.MqMessages", "src\Common\EIM.MqMessages\EIM.MqMessages.csproj", "{9A81F1C1-B4E6-42C7-9495-2B0EADB7E7CC}"
EndProject
Project("{9A19103F-16F7-4668-BE54-9A1E7A4F7556}") = "EIM.Ocelot", "src\Common\EIM.Ocelot\EIM.Ocelot.csproj", "{04B3D298-85DB-4DEE-B0F3-C17E819D5486}"
EndProject
Global
	GlobalSection(SolutionConfigurationPlatforms) = preSolution
		Debug|Any CPU = Debug|Any CPU
		Release|Any CPU = Release|Any CPU
	EndGlobalSection
	GlobalSection(ProjectConfigurationPlatforms) = postSolution
		{451BE2FC-7AE7-4363-BE53-E77A3039C898}.Debug|Any CPU.ActiveCfg = Debug|Any CPU
		{451BE2FC-7AE7-4363-BE53-E77A3039C898}.Debug|Any CPU.Build.0 = Debug|Any CPU
		{451BE2FC-7AE7-4363-BE53-E77A3039C898}.Release|Any CPU.ActiveCfg = Release|Any CPU
		{451BE2FC-7AE7-4363-BE53-E77A3039C898}.Release|Any CPU.Build.0 = Release|Any CPU
		{E2D15A20-9229-4D1E-AE5D-08AD464A4FB9}.Debug|Any CPU.ActiveCfg = Debug|Any CPU
		{E2D15A20-9229-4D1E-AE5D-08AD464A4FB9}.Debug|Any CPU.Build.0 = Debug|Any CPU
		{E2D15A20-9229-4D1E-AE5D-08AD464A4FB9}.Release|Any CPU.ActiveCfg = Release|Any CPU
		{E2D15A20-9229-4D1E-AE5D-08AD464A4FB9}.Release|Any CPU.Build.0 = Release|Any CPU
		{44DC42E4-AD70-4986-A9D3-E63FA300C840}.Debug|Any CPU.ActiveCfg = Debug|Any CPU
		{44DC42E4-AD70-4986-A9D3-E63FA300C840}.Debug|Any CPU.Build.0 = Debug|Any CPU
		{44DC42E4-AD70-4986-A9D3-E63FA300C840}.Release|Any CPU.ActiveCfg = Release|Any CPU
		{44DC42E4-AD70-4986-A9D3-E63FA300C840}.Release|Any CPU.Build.0 = Release|Any CPU
		{89153334-2E03-4550-BBDB-ABDC5DACB991}.Debug|Any CPU.ActiveCfg = Debug|Any CPU
		{89153334-2E03-4550-BBDB-ABDC5DACB991}.Debug|Any CPU.Build.0 = Debug|Any CPU
		{89153334-2E03-4550-BBDB-ABDC5DACB991}.Release|Any CPU.ActiveCfg = Release|Any CPU
		{89153334-2E03-4550-BBDB-ABDC5DACB991}.Release|Any CPU.Build.0 = Release|Any CPU
		{5C6BD72A-ABE5-46B6-81AE-D7742A9AB0E4}.Debug|Any CPU.ActiveCfg = Debug|Any CPU
		{5C6BD72A-ABE5-46B6-81AE-D7742A9AB0E4}.Debug|Any CPU.Build.0 = Debug|Any CPU
		{5C6BD72A-ABE5-46B6-81AE-D7742A9AB0E4}.Release|Any CPU.ActiveCfg = Release|Any CPU
		{5C6BD72A-ABE5-46B6-81AE-D7742A9AB0E4}.Release|Any CPU.Build.0 = Release|Any CPU
		{4F4EE811-676D-4493-8628-00079FDFCF3C}.Debug|Any CPU.ActiveCfg = Debug|Any CPU
		{4F4EE811-676D-4493-8628-00079FDFCF3C}.Debug|Any CPU.Build.0 = Debug|Any CPU
		{4F4EE811-676D-4493-8628-00079FDFCF3C}.Release|Any CPU.ActiveCfg = Release|Any CPU
		{4F4EE811-676D-4493-8628-00079FDFCF3C}.Release|Any CPU.Build.0 = Release|Any CPU
		{1FF18CBC-734C-4B41-A79A-C2751B1C0501}.Debug|Any CPU.ActiveCfg = Debug|Any CPU
		{1FF18CBC-734C-4B41-A79A-C2751B1C0501}.Debug|Any CPU.Build.0 = Debug|Any CPU
		{1FF18CBC-734C-4B41-A79A-C2751B1C0501}.Release|Any CPU.ActiveCfg = Release|Any CPU
		{1FF18CBC-734C-4B41-A79A-C2751B1C0501}.Release|Any CPU.Build.0 = Release|Any CPU
		{FEA0C318-FFED-4D39-8781-265718CA43DD}.Debug|Any CPU.ActiveCfg = Debug|Any CPU
		{FEA0C318-FFED-4D39-8781-265718CA43DD}.Debug|Any CPU.Build.0 = Debug|Any CPU
		{FEA0C318-FFED-4D39-8781-265718CA43DD}.Release|Any CPU.ActiveCfg = Release|Any CPU
		{FEA0C318-FFED-4D39-8781-265718CA43DD}.Release|Any CPU.Build.0 = Release|Any CPU
		{DFACA35F-0CCE-4663-A197-27C07CF617E0}.Debug|Any CPU.ActiveCfg = Debug|Any CPU
		{DFACA35F-0CCE-4663-A197-27C07CF617E0}.Debug|Any CPU.Build.0 = Debug|Any CPU
		{DFACA35F-0CCE-4663-A197-27C07CF617E0}.Release|Any CPU.ActiveCfg = Release|Any CPU
		{DFACA35F-0CCE-4663-A197-27C07CF617E0}.Release|Any CPU.Build.0 = Release|Any CPU
		{6CE17132-BD65-4A98-AD75-D996480F5899}.Debug|Any CPU.ActiveCfg = Debug|Any CPU
		{6CE17132-BD65-4A98-AD75-D996480F5899}.Debug|Any CPU.Build.0 = Debug|Any CPU
		{6CE17132-BD65-4A98-AD75-D996480F5899}.Release|Any CPU.ActiveCfg = Release|Any CPU
		{6CE17132-BD65-4A98-AD75-D996480F5899}.Release|Any CPU.Build.0 = Release|Any CPU
		{B211A80C-2C93-4B4E-B076-2ADBEE5E19E2}.Debug|Any CPU.ActiveCfg = Debug|Any CPU
		{B211A80C-2C93-4B4E-B076-2ADBEE5E19E2}.Debug|Any CPU.Build.0 = Debug|Any CPU
		{B211A80C-2C93-4B4E-B076-2ADBEE5E19E2}.Release|Any CPU.ActiveCfg = Release|Any CPU
		{B211A80C-2C93-4B4E-B076-2ADBEE5E19E2}.Release|Any CPU.Build.0 = Release|Any CPU
		{AC23378C-A043-4BDF-8E6B-9F4E1C8DE5F1}.Debug|Any CPU.ActiveCfg = Debug|Any CPU
		{AC23378C-A043-4BDF-8E6B-9F4E1C8DE5F1}.Debug|Any CPU.Build.0 = Debug|Any CPU
		{AC23378C-A043-4BDF-8E6B-9F4E1C8DE5F1}.Release|Any CPU.ActiveCfg = Release|Any CPU
		{AC23378C-A043-4BDF-8E6B-9F4E1C8DE5F1}.Release|Any CPU.Build.0 = Release|Any CPU
		{E9AF6A18-032E-44FF-8AC8-7ECB227A8C6E}.Debug|Any CPU.ActiveCfg = Debug|Any CPU
		{E9AF6A18-032E-44FF-8AC8-7ECB227A8C6E}.Debug|Any CPU.Build.0 = Debug|Any CPU
		{E9AF6A18-032E-44FF-8AC8-7ECB227A8C6E}.Release|Any CPU.ActiveCfg = Release|Any CPU
		{E9AF6A18-032E-44FF-8AC8-7ECB227A8C6E}.Release|Any CPU.Build.0 = Release|Any CPU
		{7FB0C71C-B459-4C59-AFF0-69C5B69913F9}.Debug|Any CPU.ActiveCfg = Debug|Any CPU
		{7FB0C71C-B459-4C59-AFF0-69C5B69913F9}.Debug|Any CPU.Build.0 = Debug|Any CPU
		{7FB0C71C-B459-4C59-AFF0-69C5B69913F9}.Release|Any CPU.ActiveCfg = Release|Any CPU
		{7FB0C71C-B459-4C59-AFF0-69C5B69913F9}.Release|Any CPU.Build.0 = Release|Any CPU
		{5A73917A-82EC-451D-BD46-F7E07FDE44F6}.Debug|Any CPU.ActiveCfg = Debug|Any CPU
		{5A73917A-82EC-451D-BD46-F7E07FDE44F6}.Debug|Any CPU.Build.0 = Debug|Any CPU
		{5A73917A-82EC-451D-BD46-F7E07FDE44F6}.Release|Any CPU.ActiveCfg = Release|Any CPU
		{5A73917A-82EC-451D-BD46-F7E07FDE44F6}.Release|Any CPU.Build.0 = Release|Any CPU
		{F98BB850-318F-4617-A73A-C61AA47DA517}.Debug|Any CPU.ActiveCfg = Debug|Any CPU
		{F98BB850-318F-4617-A73A-C61AA47DA517}.Debug|Any CPU.Build.0 = Debug|Any CPU
		{F98BB850-318F-4617-A73A-C61AA47DA517}.Release|Any CPU.ActiveCfg = Release|Any CPU
		{F98BB850-318F-4617-A73A-C61AA47DA517}.Release|Any CPU.Build.0 = Release|Any CPU
		{3D1E5B05-261E-405B-A828-B430F03155CA}.Debug|Any CPU.ActiveCfg = Debug|Any CPU
		{3D1E5B05-261E-405B-A828-B430F03155CA}.Debug|Any CPU.Build.0 = Debug|Any CPU
		{3D1E5B05-261E-405B-A828-B430F03155CA}.Release|Any CPU.ActiveCfg = Release|Any CPU
		{3D1E5B05-261E-405B-A828-B430F03155CA}.Release|Any CPU.Build.0 = Release|Any CPU
		{686A7637-1B69-4D8F-AE39-7B6EB9CC1DD4}.Debug|Any CPU.ActiveCfg = Debug|Any CPU
		{686A7637-1B69-4D8F-AE39-7B6EB9CC1DD4}.Debug|Any CPU.Build.0 = Debug|Any CPU
		{686A7637-1B69-4D8F-AE39-7B6EB9CC1DD4}.Release|Any CPU.ActiveCfg = Release|Any CPU
		{686A7637-1B69-4D8F-AE39-7B6EB9CC1DD4}.Release|Any CPU.Build.0 = Release|Any CPU
		{B37C9C6B-CF92-452A-A338-EDDD02E39AB3}.Debug|Any CPU.ActiveCfg = Debug|Any CPU
		{B37C9C6B-CF92-452A-A338-EDDD02E39AB3}.Debug|Any CPU.Build.0 = Debug|Any CPU
		{B37C9C6B-CF92-452A-A338-EDDD02E39AB3}.Release|Any CPU.ActiveCfg = Release|Any CPU
		{B37C9C6B-CF92-452A-A338-EDDD02E39AB3}.Release|Any CPU.Build.0 = Release|Any CPU
		{1EA95CF3-0219-4F0B-9C76-EA3386499FC5}.Debug|Any CPU.ActiveCfg = Debug|Any CPU
		{1EA95CF3-0219-4F0B-9C76-EA3386499FC5}.Debug|Any CPU.Build.0 = Debug|Any CPU
		{1EA95CF3-0219-4F0B-9C76-EA3386499FC5}.Release|Any CPU.ActiveCfg = Release|Any CPU
		{1EA95CF3-0219-4F0B-9C76-EA3386499FC5}.Release|Any CPU.Build.0 = Release|Any CPU
		{913E37DE-7542-475F-91AE-B80A86A35391}.Debug|Any CPU.ActiveCfg = Debug|Any CPU
		{913E37DE-7542-475F-91AE-B80A86A35391}.Debug|Any CPU.Build.0 = Debug|Any CPU
		{913E37DE-7542-475F-91AE-B80A86A35391}.Release|Any CPU.ActiveCfg = Release|Any CPU
		{913E37DE-7542-475F-91AE-B80A86A35391}.Release|Any CPU.Build.0 = Release|Any CPU
		{2D542814-69FA-40F7-9125-CBA36AA566FB}.Debug|Any CPU.ActiveCfg = Debug|Any CPU
		{2D542814-69FA-40F7-9125-CBA36AA566FB}.Debug|Any CPU.Build.0 = Debug|Any CPU
		{2D542814-69FA-40F7-9125-CBA36AA566FB}.Release|Any CPU.ActiveCfg = Release|Any CPU
		{2D542814-69FA-40F7-9125-CBA36AA566FB}.Release|Any CPU.Build.0 = Release|Any CPU
		{5C5B7C61-CD8F-4B3F-8B17-E98688340DBF}.Debug|Any CPU.ActiveCfg = Debug|Any CPU
		{5C5B7C61-CD8F-4B3F-8B17-E98688340DBF}.Debug|Any CPU.Build.0 = Debug|Any CPU
		{5C5B7C61-CD8F-4B3F-8B17-E98688340DBF}.Release|Any CPU.ActiveCfg = Release|Any CPU
		{5C5B7C61-CD8F-4B3F-8B17-E98688340DBF}.Release|Any CPU.Build.0 = Release|Any CPU
		{34BDB0ED-39C7-42FC-A51C-2A3104A9B7F7}.Debug|Any CPU.ActiveCfg = Debug|Any CPU
		{34BDB0ED-39C7-42FC-A51C-2A3104A9B7F7}.Debug|Any CPU.Build.0 = Debug|Any CPU
		{34BDB0ED-39C7-42FC-A51C-2A3104A9B7F7}.Release|Any CPU.ActiveCfg = Release|Any CPU
		{34BDB0ED-39C7-42FC-A51C-2A3104A9B7F7}.Release|Any CPU.Build.0 = Release|Any CPU
		{147E47D5-20E6-4084-93E9-14A073151E04}.Debug|Any CPU.ActiveCfg = Debug|Any CPU
		{147E47D5-20E6-4084-93E9-14A073151E04}.Debug|Any CPU.Build.0 = Debug|Any CPU
		{147E47D5-20E6-4084-93E9-14A073151E04}.Release|Any CPU.ActiveCfg = Release|Any CPU
		{147E47D5-20E6-4084-93E9-14A073151E04}.Release|Any CPU.Build.0 = Release|Any CPU
		{6DFC5380-80DA-42D1-B181-1DEFA34C0883}.Debug|Any CPU.ActiveCfg = Debug|Any CPU
		{6DFC5380-80DA-42D1-B181-1DEFA34C0883}.Debug|Any CPU.Build.0 = Debug|Any CPU
		{6DFC5380-80DA-42D1-B181-1DEFA34C0883}.Release|Any CPU.ActiveCfg = Release|Any CPU
		{6DFC5380-80DA-42D1-B181-1DEFA34C0883}.Release|Any CPU.Build.0 = Release|Any CPU
		{9A81F1C1-B4E6-42C7-9495-2B0EADB7E7CC}.Debug|Any CPU.ActiveCfg = Debug|Any CPU
		{9A81F1C1-B4E6-42C7-9495-2B0EADB7E7CC}.Debug|Any CPU.Build.0 = Debug|Any CPU
		{9A81F1C1-B4E6-42C7-9495-2B0EADB7E7CC}.Release|Any CPU.ActiveCfg = Release|Any CPU
		{9A81F1C1-B4E6-42C7-9495-2B0EADB7E7CC}.Release|Any CPU.Build.0 = Release|Any CPU
		{04B3D298-85DB-4DEE-B0F3-C17E819D5486}.Debug|Any CPU.ActiveCfg = Debug|Any CPU
		{04B3D298-85DB-4DEE-B0F3-C17E819D5486}.Debug|Any CPU.Build.0 = Debug|Any CPU
		{04B3D298-85DB-4DEE-B0F3-C17E819D5486}.Release|Any CPU.ActiveCfg = Release|Any CPU
		{04B3D298-85DB-4DEE-B0F3-C17E819D5486}.Release|Any CPU.Build.0 = Release|Any CPU
	EndGlobalSection
	GlobalSection(SolutionProperties) = preSolution
		HideSolutionNode = FALSE
	EndGlobalSection
	GlobalSection(NestedProjects) = preSolution
		{E404AEAF-9CD5-442E-AF26-00E64141E32C} = {5DD87A69-2999-46ED-87CD-6735C3D29785}
		{9277B42E-4C23-4EEF-A0D2-F1663BA52CE5} = {5DD87A69-2999-46ED-87CD-6735C3D29785}
		{CD263889-8DEF-4057-9D3A-0BE36AF3A23F} = {5DD87A69-2999-46ED-87CD-6735C3D29785}
		{E16777E2-E24F-4FB7-9BA1-9643D9FB4DF2} = {E404AEAF-9CD5-442E-AF26-00E64141E32C}
		{451BE2FC-7AE7-4363-BE53-E77A3039C898} = {E16777E2-E24F-4FB7-9BA1-9643D9FB4DF2}
		{E2D15A20-9229-4D1E-AE5D-08AD464A4FB9} = {E16777E2-E24F-4FB7-9BA1-9643D9FB4DF2}
		{44DC42E4-AD70-4986-A9D3-E63FA300C840} = {E16777E2-E24F-4FB7-9BA1-9643D9FB4DF2}
		{95AAD33C-FEE4-431F-B348-126E4926FADB} = {5DD87A69-2999-46ED-87CD-6735C3D29785}
		{89153334-2E03-4550-BBDB-ABDC5DACB991} = {39E7E155-EC8C-4392-83A3-8285884F32FA}
		{39E7E155-EC8C-4392-83A3-8285884F32FA} = {95AAD33C-FEE4-431F-B348-126E4926FADB}
		{5C6BD72A-ABE5-46B6-81AE-D7742A9AB0E4} = {39E7E155-EC8C-4392-83A3-8285884F32FA}
		{4F4EE811-676D-4493-8628-00079FDFCF3C} = {39E7E155-EC8C-4392-83A3-8285884F32FA}
		{1FF18CBC-734C-4B41-A79A-C2751B1C0501} = {39E7E155-EC8C-4392-83A3-8285884F32FA}
		{0DE6D1B6-1EE4-4336-9FB5-F111D70E1B46} = {E404AEAF-9CD5-442E-AF26-00E64141E32C}
		{DFACA35F-0CCE-4663-A197-27C07CF617E0} = {0DE6D1B6-1EE4-4336-9FB5-F111D70E1B46}
		{115E46B2-7A6D-4F01-8FBC-75C26CCE643A} = {E404AEAF-9CD5-442E-AF26-00E64141E32C}
		{6CE17132-BD65-4A98-AD75-D996480F5899} = {115E46B2-7A6D-4F01-8FBC-75C26CCE643A}
		{B211A80C-2C93-4B4E-B076-2ADBEE5E19E2} = {BDB7AD48-3465-4F06-9237-6128372011F2}
		{BDB7AD48-3465-4F06-9237-6128372011F2} = {CD263889-8DEF-4057-9D3A-0BE36AF3A23F}
		{BC2A5D90-C9A7-41BD-8B35-318444AA5B3F} = {CD263889-8DEF-4057-9D3A-0BE36AF3A23F}
		{B358B8BF-783F-4B58-8458-DA6785F5B35C} = {CD263889-8DEF-4057-9D3A-0BE36AF3A23F}
		{AC23378C-A043-4BDF-8E6B-9F4E1C8DE5F1} = {115E46B2-7A6D-4F01-8FBC-75C26CCE643A}
		{E9AF6A18-032E-44FF-8AC8-7ECB227A8C6E} = {115E46B2-7A6D-4F01-8FBC-75C26CCE643A}
		{7FB0C71C-B459-4C59-AFF0-69C5B69913F9} = {115E46B2-7A6D-4F01-8FBC-75C26CCE643A}
		{D98F11F4-8528-4E68-A51A-DF96F2942799} = {6A205C76-F02F-46FA-8387-259F6CEBA2C9}
		{5A73917A-82EC-451D-BD46-F7E07FDE44F6} = {D98F11F4-8528-4E68-A51A-DF96F2942799}
		{F98BB850-318F-4617-A73A-C61AA47DA517} = {D98F11F4-8528-4E68-A51A-DF96F2942799}
		{A9D7D679-7045-456C-B2CA-629ADEBA14A6} = {5DD87A69-2999-46ED-87CD-6735C3D29785}
		{45C9FA81-424C-45A2-81FE-C84326247BAD} = {5DD87A69-2999-46ED-87CD-6735C3D29785}
		{3D1E5B05-261E-405B-A828-B430F03155CA} = {45C9FA81-424C-45A2-81FE-C84326247BAD}
		{686A7637-1B69-4D8F-AE39-7B6EB9CC1DD4} = {45C9FA81-424C-45A2-81FE-C84326247BAD}
		{B37C9C6B-CF92-452A-A338-EDDD02E39AB3} = {45C9FA81-424C-45A2-81FE-C84326247BAD}
		{1EA95CF3-0219-4F0B-9C76-EA3386499FC5} = {45C9FA81-424C-45A2-81FE-C84326247BAD}
		{913E37DE-7542-475F-91AE-B80A86A35391} = {45C9FA81-424C-45A2-81FE-C84326247BAD}
		{2D542814-69FA-40F7-9125-CBA36AA566FB} = {45C9FA81-424C-45A2-81FE-C84326247BAD}
		{5C5B7C61-CD8F-4B3F-8B17-E98688340DBF} = {45C9FA81-424C-45A2-81FE-C84326247BAD}
		{34BDB0ED-39C7-42FC-A51C-2A3104A9B7F7} = {45C9FA81-424C-45A2-81FE-C84326247BAD}
		{147E47D5-20E6-4084-93E9-14A073151E04} = {45C9FA81-424C-45A2-81FE-C84326247BAD}
		{6DFC5380-80DA-42D1-B181-1DEFA34C0883} = {45C9FA81-424C-45A2-81FE-C84326247BAD}
		{9A81F1C1-B4E6-42C7-9495-2B0EADB7E7CC} = {45C9FA81-424C-45A2-81FE-C84326247BAD}
		{04B3D298-85DB-4DEE-B0F3-C17E819D5486} = {45C9FA81-424C-45A2-81FE-C84326247BAD}
	EndGlobalSection
	GlobalSection(ExtensibilityGlobals) = postSolution
		SolutionGuid = {7F75A999-B731-4D7E-8E5F-9FAC30A9B63C}
	EndGlobalSection
EndGlobal
