
Microsoft Visual Studio Solution File, Format Version 12.00
# Visual Studio 14
VisualStudioVersion = 14.0.24720.0
MinimumVisualStudioVersion = 10.0.40219.1
Project("{2150E333-8FDC-42A3-9474-1A3956D46DE8}") = "Business", "Business", "{1A122928-0278-4F9A-98E8-349A1339EA2B}"
EndProject
Project("{2150E333-8FDC-42A3-9474-1A3956D46DE8}") = "Comon", "Comon", "{12162C14-F1E1-4790-91B1-030C7A38358D}"
EndProject
Project("{2150E333-8FDC-42A3-9474-1A3956D46DE8}") = "Test", "Test", "{82982FF0-B777-42FC-AF19-A3BA13F9ED28}"
EndProject
Project("{FAE04EC0-301F-11D3-BF4B-00C04F79EFBC}") = "Kingdee.CAPP.BLL", "Business\Kingdee.CAPP.BLL\Kingdee.CAPP.BLL.csproj", "{3AD822D2-ABEA-4D22-B082-ED3D62D94048}"
EndProject
Project("{FAE04EC0-301F-11D3-BF4B-00C04F79EFBC}") = "Kingdee.CAPP.DAL", "Business\Kingdee.CAPP.DAL\Kingdee.CAPP.DAL.csproj", "{0D88815B-0B46-4E48-8186-1883771C4F5D}"
EndProject
Project("{FAE04EC0-301F-11D3-BF4B-00C04F79EFBC}") = "Kingdee.CAPP.Model", "Business\Kingdee.CAPP.Model\Kingdee.CAPP.Model.csproj", "{F9D2B200-47C6-4E1E-A5B3-53558DED8167}"
EndProject
Project("{FAE04EC0-301F-11D3-BF4B-00C04F79EFBC}") = "Kingdee.CAPP.Common", "Common\Kingdee.CAPP.Common\Kingdee.CAPP.Common.csproj", "{139985F1-0795-44DF-B871-1CFF9BF55039}"
EndProject
Project("{FAE04EC0-301F-11D3-BF4B-00C04F79EFBC}") = "Kingdee.CAPP.Controls", "Common\Kingdee.CAPP.Controls\Kingdee.CAPP.Controls.csproj", "{EE3670F7-6089-4855-9127-52B4A7D29BAF}"
EndProject
Project("{FAE04EC0-301F-11D3-BF4B-00C04F79EFBC}") = "Kingdee.CAPP.UI.Test", "Test\Kingdee.CAPP.UI.Test\Kingdee.CAPP.UI.Test.csproj", "{1D203555-4C46-4753-837C-1B20D022B5C1}"
EndProject
Project("{FAE04EC0-301F-11D3-BF4B-00C04F79EFBC}") = "Kingdee.CAPP.BLL.Test", "Test\Kingdee.CAPP.BLL.Test\Kingdee.CAPP.BLL.Test.csproj", "{22193D1A-A146-4E98-837B-E4273E11909A}"
EndProject
Project("{FAE04EC0-301F-11D3-BF4B-00C04F79EFBC}") = "Kingdee.CAPP.DAL.Test", "Test\Kingdee.CAPP.DAL.Test\Kingdee.CAPP.DAL.Test.csproj", "{D3F8BF43-B900-4A83-81C2-3131A6BF7C90}"
EndProject
Project("{FAE04EC0-301F-11D3-BF4B-00C04F79EFBC}") = "Kingdee.CAPP.Other.Test", "Test\Kingdee.CAPP.Other\Kingdee.CAPP.Other.Test.csproj", "{4F3245C8-57CF-4C24-BACF-A0E40F6B80C3}"
EndProject
Project("{2150E333-8FDC-42A3-9474-1A3956D46DE8}") = "Extensional", "Extensional", "{2F410050-A1ED-439C-8B32-9C79F3A931ED}"
EndProject
Project("{FAE04EC0-301F-11D3-BF4B-00C04F79EFBC}") = "Kingdee.CAPP.UpgradeServer", "Extensional\Kingdee.CAPP.Upgrade\Kingdee.CAPP.UpgradeServer.csproj", "{CC61A49B-06BA-43A6-A74A-1BA2955F3C04}"
EndProject
Project("{FAE04EC0-301F-11D3-BF4B-00C04F79EFBC}") = "Kingdee.CAPP.UpgradeClient", "Extensional\Kingdee.CAPP.UpgradeClient\Kingdee.CAPP.UpgradeClient.csproj", "{2470CAA8-2FB9-4FFC-9034-A8571A7586CB}"
EndProject
Project("{FAE04EC0-301F-11D3-BF4B-00C04F79EFBC}") = "Kingdee.CAPP.UI", "Business\Kingdee.CAPP.UI\Kingdee.CAPP.UI.csproj", "{2BD3089A-75CA-4ED8-97C4-AFDF05F3C565}"
EndProject
Project("{FAE04EC0-301F-11D3-BF4B-00C04F79EFBC}") = "Kingdee.CAPP.IPlugIn", "Extensional\Kingdee.CAPP.IPlugIn\Kingdee.CAPP.IPlugIn.csproj", "{AECB1BFB-D9EB-4846-B955-FCCEF72538C1}"
EndProject
Project("{FAE04EC0-301F-11D3-BF4B-00C04F79EFBC}") = "Kingdee.CAPP.Componect", "Extensional\Kingdee.CAPP.BaseForm\Kingdee.CAPP.Componect.csproj", "{B62B513D-EFE8-4F24-9BB2-9B928DA99E9F}"
EndProject
Project("{2150E333-8FDC-42A3-9474-1A3956D46DE8}") = "Setup", "Setup", "{EB7074E9-CE23-483E-80A0-BDD62AD24EA9}"
EndProject
Project("{54435603-DBB4-11D2-8724-00A0C9A8B90C}") = "capp_setup", "capp_setup\capp_setup.vdproj", "{B1DB2F70-31F0-4A54-9914-36E1FA6EDB1F}"
EndProject
Project("{FAE04EC0-301F-11D3-BF4B-00C04F79EFBC}") = "Kingdee.CAPP.Autocad.DrawRectanglePlugIn", "Extensional\Kingdee.CAPP.Autocad.DrawRectanglePlugIn\Kingdee.CAPP.Autocad.DrawRectanglePlugIn.csproj", "{21B7D4DF-E32D-41E2-B6EF-B6D56CDDBFB9}"
EndProject
Project("{FAE04EC0-301F-11D3-BF4B-00C04F79EFBC}") = "Kingdee.CAPP.Install", "capp_setup\Kingdee.CAPP.Install\Kingdee.CAPP.Install.csproj", "{F282DDDE-76B1-456F-8D89-6A9AD13B86A8}"
EndProject
Project("{FAE04EC0-301F-11D3-BF4B-00C04F79EFBC}") = "Kingdee.CAPP.Uninstall", "capp_setup\Kingdee.CAPP.Uninstall\Kingdee.CAPP.Uninstall.csproj", "{B27C82BA-2964-46D3-880B-A5AA9C446266}"
EndProject
Project("{FAE04EC0-301F-11D3-BF4B-00C04F79EFBC}") = "Kingdee.CAPP.Solidworks.RoutingPlugIn", "Extensional\Kingdee.CAPP.Solidworks.RoutingPlugIn\Kingdee.CAPP.Solidworks.RoutingPlugIn.csproj", "{EA4447CF-D8C8-4A36-8605-1C5E9A8029BF}"
EndProject
Global
	GlobalSection(SolutionConfigurationPlatforms) = preSolution
		Debug|Any CPU = Debug|Any CPU
		Debug|Mixed Platforms = Debug|Mixed Platforms
		Debug|x86 = Debug|x86
		Release|Any CPU = Release|Any CPU
		Release|Mixed Platforms = Release|Mixed Platforms
		Release|x86 = Release|x86
	EndGlobalSection
	GlobalSection(ProjectConfigurationPlatforms) = postSolution
		{3AD822D2-ABEA-4D22-B082-ED3D62D94048}.Debug|Any CPU.ActiveCfg = Debug|Any CPU
		{3AD822D2-ABEA-4D22-B082-ED3D62D94048}.Debug|Any CPU.Build.0 = Debug|Any CPU
		{3AD822D2-ABEA-4D22-B082-ED3D62D94048}.Debug|Mixed Platforms.ActiveCfg = Debug|Any CPU
		{3AD822D2-ABEA-4D22-B082-ED3D62D94048}.Debug|Mixed Platforms.Build.0 = Debug|Any CPU
		{3AD822D2-ABEA-4D22-B082-ED3D62D94048}.Debug|x86.ActiveCfg = Debug|Any CPU
		{3AD822D2-ABEA-4D22-B082-ED3D62D94048}.Release|Any CPU.ActiveCfg = Release|Any CPU
		{3AD822D2-ABEA-4D22-B082-ED3D62D94048}.Release|Any CPU.Build.0 = Release|Any CPU
		{3AD822D2-ABEA-4D22-B082-ED3D62D94048}.Release|Mixed Platforms.ActiveCfg = Release|Any CPU
		{3AD822D2-ABEA-4D22-B082-ED3D62D94048}.Release|Mixed Platforms.Build.0 = Release|Any CPU
		{3AD822D2-ABEA-4D22-B082-ED3D62D94048}.Release|x86.ActiveCfg = Release|Any CPU
		{0D88815B-0B46-4E48-8186-1883771C4F5D}.Debug|Any CPU.ActiveCfg = Debug|Any CPU
		{0D88815B-0B46-4E48-8186-1883771C4F5D}.Debug|Any CPU.Build.0 = Debug|Any CPU
		{0D88815B-0B46-4E48-8186-1883771C4F5D}.Debug|Mixed Platforms.ActiveCfg = Debug|Any CPU
		{0D88815B-0B46-4E48-8186-1883771C4F5D}.Debug|Mixed Platforms.Build.0 = Debug|Any CPU
		{0D88815B-0B46-4E48-8186-1883771C4F5D}.Debug|x86.ActiveCfg = Debug|Any CPU
		{0D88815B-0B46-4E48-8186-1883771C4F5D}.Release|Any CPU.ActiveCfg = Release|Any CPU
		{0D88815B-0B46-4E48-8186-1883771C4F5D}.Release|Any CPU.Build.0 = Release|Any CPU
		{0D88815B-0B46-4E48-8186-1883771C4F5D}.Release|Mixed Platforms.ActiveCfg = Release|Any CPU
		{0D88815B-0B46-4E48-8186-1883771C4F5D}.Release|Mixed Platforms.Build.0 = Release|Any CPU
		{0D88815B-0B46-4E48-8186-1883771C4F5D}.Release|x86.ActiveCfg = Release|Any CPU
		{F9D2B200-47C6-4E1E-A5B3-53558DED8167}.Debug|Any CPU.ActiveCfg = Debug|Any CPU
		{F9D2B200-47C6-4E1E-A5B3-53558DED8167}.Debug|Any CPU.Build.0 = Debug|Any CPU
		{F9D2B200-47C6-4E1E-A5B3-53558DED8167}.Debug|Mixed Platforms.ActiveCfg = Debug|Any CPU
		{F9D2B200-47C6-4E1E-A5B3-53558DED8167}.Debug|Mixed Platforms.Build.0 = Debug|Any CPU
		{F9D2B200-47C6-4E1E-A5B3-53558DED8167}.Debug|x86.ActiveCfg = Debug|Any CPU
		{F9D2B200-47C6-4E1E-A5B3-53558DED8167}.Release|Any CPU.ActiveCfg = Release|Any CPU
		{F9D2B200-47C6-4E1E-A5B3-53558DED8167}.Release|Any CPU.Build.0 = Release|Any CPU
		{F9D2B200-47C6-4E1E-A5B3-53558DED8167}.Release|Mixed Platforms.ActiveCfg = Release|Any CPU
		{F9D2B200-47C6-4E1E-A5B3-53558DED8167}.Release|Mixed Platforms.Build.0 = Release|Any CPU
		{F9D2B200-47C6-4E1E-A5B3-53558DED8167}.Release|x86.ActiveCfg = Release|Any CPU
		{139985F1-0795-44DF-B871-1CFF9BF55039}.Debug|Any CPU.ActiveCfg = Debug|Any CPU
		{139985F1-0795-44DF-B871-1CFF9BF55039}.Debug|Any CPU.Build.0 = Debug|Any CPU
		{139985F1-0795-44DF-B871-1CFF9BF55039}.Debug|Mixed Platforms.ActiveCfg = Debug|Any CPU
		{139985F1-0795-44DF-B871-1CFF9BF55039}.Debug|Mixed Platforms.Build.0 = Debug|Any CPU
		{139985F1-0795-44DF-B871-1CFF9BF55039}.Debug|x86.ActiveCfg = Debug|Any CPU
		{139985F1-0795-44DF-B871-1CFF9BF55039}.Release|Any CPU.ActiveCfg = Release|Any CPU
		{139985F1-0795-44DF-B871-1CFF9BF55039}.Release|Any CPU.Build.0 = Release|Any CPU
		{139985F1-0795-44DF-B871-1CFF9BF55039}.Release|Mixed Platforms.ActiveCfg = Release|Any CPU
		{139985F1-0795-44DF-B871-1CFF9BF55039}.Release|Mixed Platforms.Build.0 = Release|Any CPU
		{139985F1-0795-44DF-B871-1CFF9BF55039}.Release|x86.ActiveCfg = Release|Any CPU
		{EE3670F7-6089-4855-9127-52B4A7D29BAF}.Debug|Any CPU.ActiveCfg = Debug|Any CPU
		{EE3670F7-6089-4855-9127-52B4A7D29BAF}.Debug|Any CPU.Build.0 = Debug|Any CPU
		{EE3670F7-6089-4855-9127-52B4A7D29BAF}.Debug|Mixed Platforms.ActiveCfg = Debug|Any CPU
		{EE3670F7-6089-4855-9127-52B4A7D29BAF}.Debug|Mixed Platforms.Build.0 = Debug|Any CPU
		{EE3670F7-6089-4855-9127-52B4A7D29BAF}.Debug|x86.ActiveCfg = Debug|Any CPU
		{EE3670F7-6089-4855-9127-52B4A7D29BAF}.Release|Any CPU.ActiveCfg = Release|Any CPU
		{EE3670F7-6089-4855-9127-52B4A7D29BAF}.Release|Any CPU.Build.0 = Release|Any CPU
		{EE3670F7-6089-4855-9127-52B4A7D29BAF}.Release|Mixed Platforms.ActiveCfg = Release|Any CPU
		{EE3670F7-6089-4855-9127-52B4A7D29BAF}.Release|Mixed Platforms.Build.0 = Release|Any CPU
		{EE3670F7-6089-4855-9127-52B4A7D29BAF}.Release|x86.ActiveCfg = Release|Any CPU
		{1D203555-4C46-4753-837C-1B20D022B5C1}.Debug|Any CPU.ActiveCfg = Debug|Any CPU
		{1D203555-4C46-4753-837C-1B20D022B5C1}.Debug|Any CPU.Build.0 = Debug|Any CPU
		{1D203555-4C46-4753-837C-1B20D022B5C1}.Debug|Mixed Platforms.ActiveCfg = Debug|Any CPU
		{1D203555-4C46-4753-837C-1B20D022B5C1}.Debug|Mixed Platforms.Build.0 = Debug|Any CPU
		{1D203555-4C46-4753-837C-1B20D022B5C1}.Debug|x86.ActiveCfg = Debug|Any CPU
		{1D203555-4C46-4753-837C-1B20D022B5C1}.Release|Any CPU.ActiveCfg = Release|Any CPU
		{1D203555-4C46-4753-837C-1B20D022B5C1}.Release|Any CPU.Build.0 = Release|Any CPU
		{1D203555-4C46-4753-837C-1B20D022B5C1}.Release|Mixed Platforms.ActiveCfg = Release|Any CPU
		{1D203555-4C46-4753-837C-1B20D022B5C1}.Release|Mixed Platforms.Build.0 = Release|Any CPU
		{1D203555-4C46-4753-837C-1B20D022B5C1}.Release|x86.ActiveCfg = Release|Any CPU
		{22193D1A-A146-4E98-837B-E4273E11909A}.Debug|Any CPU.ActiveCfg = Debug|Any CPU
		{22193D1A-A146-4E98-837B-E4273E11909A}.Debug|Any CPU.Build.0 = Debug|Any CPU
		{22193D1A-A146-4E98-837B-E4273E11909A}.Debug|Mixed Platforms.ActiveCfg = Debug|Any CPU
		{22193D1A-A146-4E98-837B-E4273E11909A}.Debug|Mixed Platforms.Build.0 = Debug|Any CPU
		{22193D1A-A146-4E98-837B-E4273E11909A}.Debug|x86.ActiveCfg = Debug|Any CPU
		{22193D1A-A146-4E98-837B-E4273E11909A}.Release|Any CPU.ActiveCfg = Release|Any CPU
		{22193D1A-A146-4E98-837B-E4273E11909A}.Release|Any CPU.Build.0 = Release|Any CPU
		{22193D1A-A146-4E98-837B-E4273E11909A}.Release|Mixed Platforms.ActiveCfg = Release|Any CPU
		{22193D1A-A146-4E98-837B-E4273E11909A}.Release|Mixed Platforms.Build.0 = Release|Any CPU
		{22193D1A-A146-4E98-837B-E4273E11909A}.Release|x86.ActiveCfg = Release|Any CPU
		{D3F8BF43-B900-4A83-81C2-3131A6BF7C90}.Debug|Any CPU.ActiveCfg = Debug|Any CPU
		{D3F8BF43-B900-4A83-81C2-3131A6BF7C90}.Debug|Any CPU.Build.0 = Debug|Any CPU
		{D3F8BF43-B900-4A83-81C2-3131A6BF7C90}.Debug|Mixed Platforms.ActiveCfg = Debug|Any CPU
		{D3F8BF43-B900-4A83-81C2-3131A6BF7C90}.Debug|Mixed Platforms.Build.0 = Debug|Any CPU
		{D3F8BF43-B900-4A83-81C2-3131A6BF7C90}.Debug|x86.ActiveCfg = Debug|Any CPU
		{D3F8BF43-B900-4A83-81C2-3131A6BF7C90}.Release|Any CPU.ActiveCfg = Release|Any CPU
		{D3F8BF43-B900-4A83-81C2-3131A6BF7C90}.Release|Any CPU.Build.0 = Release|Any CPU
		{D3F8BF43-B900-4A83-81C2-3131A6BF7C90}.Release|Mixed Platforms.ActiveCfg = Release|Any CPU
		{D3F8BF43-B900-4A83-81C2-3131A6BF7C90}.Release|Mixed Platforms.Build.0 = Release|Any CPU
		{D3F8BF43-B900-4A83-81C2-3131A6BF7C90}.Release|x86.ActiveCfg = Release|Any CPU
		{4F3245C8-57CF-4C24-BACF-A0E40F6B80C3}.Debug|Any CPU.ActiveCfg = Debug|x86
		{4F3245C8-57CF-4C24-BACF-A0E40F6B80C3}.Debug|Mixed Platforms.ActiveCfg = Debug|x86
		{4F3245C8-57CF-4C24-BACF-A0E40F6B80C3}.Debug|Mixed Platforms.Build.0 = Debug|x86
		{4F3245C8-57CF-4C24-BACF-A0E40F6B80C3}.Debug|x86.ActiveCfg = Debug|x86
		{4F3245C8-57CF-4C24-BACF-A0E40F6B80C3}.Debug|x86.Build.0 = Debug|x86
		{4F3245C8-57CF-4C24-BACF-A0E40F6B80C3}.Release|Any CPU.ActiveCfg = Release|x86
		{4F3245C8-57CF-4C24-BACF-A0E40F6B80C3}.Release|Mixed Platforms.ActiveCfg = Release|x86
		{4F3245C8-57CF-4C24-BACF-A0E40F6B80C3}.Release|Mixed Platforms.Build.0 = Release|x86
		{4F3245C8-57CF-4C24-BACF-A0E40F6B80C3}.Release|x86.ActiveCfg = Release|x86
		{4F3245C8-57CF-4C24-BACF-A0E40F6B80C3}.Release|x86.Build.0 = Release|x86
		{CC61A49B-06BA-43A6-A74A-1BA2955F3C04}.Debug|Any CPU.ActiveCfg = Debug|x86
		{CC61A49B-06BA-43A6-A74A-1BA2955F3C04}.Debug|Mixed Platforms.ActiveCfg = Debug|x86
		{CC61A49B-06BA-43A6-A74A-1BA2955F3C04}.Debug|Mixed Platforms.Build.0 = Debug|x86
		{CC61A49B-06BA-43A6-A74A-1BA2955F3C04}.Debug|x86.ActiveCfg = Debug|x86
		{CC61A49B-06BA-43A6-A74A-1BA2955F3C04}.Debug|x86.Build.0 = Debug|x86
		{CC61A49B-06BA-43A6-A74A-1BA2955F3C04}.Release|Any CPU.ActiveCfg = Release|x86
		{CC61A49B-06BA-43A6-A74A-1BA2955F3C04}.Release|Mixed Platforms.ActiveCfg = Release|x86
		{CC61A49B-06BA-43A6-A74A-1BA2955F3C04}.Release|Mixed Platforms.Build.0 = Release|x86
		{CC61A49B-06BA-43A6-A74A-1BA2955F3C04}.Release|x86.ActiveCfg = Release|x86
		{CC61A49B-06BA-43A6-A74A-1BA2955F3C04}.Release|x86.Build.0 = Release|x86
		{2470CAA8-2FB9-4FFC-9034-A8571A7586CB}.Debug|Any CPU.ActiveCfg = Debug|x86
		{2470CAA8-2FB9-4FFC-9034-A8571A7586CB}.Debug|Mixed Platforms.ActiveCfg = Debug|x86
		{2470CAA8-2FB9-4FFC-9034-A8571A7586CB}.Debug|Mixed Platforms.Build.0 = Debug|x86
		{2470CAA8-2FB9-4FFC-9034-A8571A7586CB}.Debug|x86.ActiveCfg = Debug|x86
		{2470CAA8-2FB9-4FFC-9034-A8571A7586CB}.Debug|x86.Build.0 = Debug|x86
		{2470CAA8-2FB9-4FFC-9034-A8571A7586CB}.Release|Any CPU.ActiveCfg = Release|x86
		{2470CAA8-2FB9-4FFC-9034-A8571A7586CB}.Release|Mixed Platforms.ActiveCfg = Release|x86
		{2470CAA8-2FB9-4FFC-9034-A8571A7586CB}.Release|Mixed Platforms.Build.0 = Release|x86
		{2470CAA8-2FB9-4FFC-9034-A8571A7586CB}.Release|x86.ActiveCfg = Release|x86
		{2470CAA8-2FB9-4FFC-9034-A8571A7586CB}.Release|x86.Build.0 = Release|x86
		{2BD3089A-75CA-4ED8-97C4-AFDF05F3C565}.Debug|Any CPU.ActiveCfg = Debug|Any CPU
		{2BD3089A-75CA-4ED8-97C4-AFDF05F3C565}.Debug|Any CPU.Build.0 = Debug|Any CPU
		{2BD3089A-75CA-4ED8-97C4-AFDF05F3C565}.Debug|Mixed Platforms.ActiveCfg = Debug|Any CPU
		{2BD3089A-75CA-4ED8-97C4-AFDF05F3C565}.Debug|Mixed Platforms.Build.0 = Debug|Any CPU
		{2BD3089A-75CA-4ED8-97C4-AFDF05F3C565}.Debug|x86.ActiveCfg = Debug|Any CPU
		{2BD3089A-75CA-4ED8-97C4-AFDF05F3C565}.Release|Any CPU.ActiveCfg = Release|Any CPU
		{2BD3089A-75CA-4ED8-97C4-AFDF05F3C565}.Release|Any CPU.Build.0 = Release|Any CPU
		{2BD3089A-75CA-4ED8-97C4-AFDF05F3C565}.Release|Mixed Platforms.ActiveCfg = Release|Any CPU
		{2BD3089A-75CA-4ED8-97C4-AFDF05F3C565}.Release|Mixed Platforms.Build.0 = Release|Any CPU
		{2BD3089A-75CA-4ED8-97C4-AFDF05F3C565}.Release|x86.ActiveCfg = Release|Any CPU
		{AECB1BFB-D9EB-4846-B955-FCCEF72538C1}.Debug|Any CPU.ActiveCfg = Debug|Any CPU
		{AECB1BFB-D9EB-4846-B955-FCCEF72538C1}.Debug|Any CPU.Build.0 = Debug|Any CPU
		{AECB1BFB-D9EB-4846-B955-FCCEF72538C1}.Debug|Mixed Platforms.ActiveCfg = Debug|Any CPU
		{AECB1BFB-D9EB-4846-B955-FCCEF72538C1}.Debug|Mixed Platforms.Build.0 = Debug|Any CPU
		{AECB1BFB-D9EB-4846-B955-FCCEF72538C1}.Debug|x86.ActiveCfg = Debug|Any CPU
		{AECB1BFB-D9EB-4846-B955-FCCEF72538C1}.Release|Any CPU.ActiveCfg = Release|Any CPU
		{AECB1BFB-D9EB-4846-B955-FCCEF72538C1}.Release|Any CPU.Build.0 = Release|Any CPU
		{AECB1BFB-D9EB-4846-B955-FCCEF72538C1}.Release|Mixed Platforms.ActiveCfg = Release|Any CPU
		{AECB1BFB-D9EB-4846-B955-FCCEF72538C1}.Release|Mixed Platforms.Build.0 = Release|Any CPU
		{AECB1BFB-D9EB-4846-B955-FCCEF72538C1}.Release|x86.ActiveCfg = Release|Any CPU
		{B62B513D-EFE8-4F24-9BB2-9B928DA99E9F}.Debug|Any CPU.ActiveCfg = Debug|Any CPU
		{B62B513D-EFE8-4F24-9BB2-9B928DA99E9F}.Debug|Any CPU.Build.0 = Debug|Any CPU
		{B62B513D-EFE8-4F24-9BB2-9B928DA99E9F}.Debug|Mixed Platforms.ActiveCfg = Debug|Any CPU
		{B62B513D-EFE8-4F24-9BB2-9B928DA99E9F}.Debug|Mixed Platforms.Build.0 = Debug|Any CPU
		{B62B513D-EFE8-4F24-9BB2-9B928DA99E9F}.Debug|x86.ActiveCfg = Debug|Any CPU
		{B62B513D-EFE8-4F24-9BB2-9B928DA99E9F}.Release|Any CPU.ActiveCfg = Release|Any CPU
		{B62B513D-EFE8-4F24-9BB2-9B928DA99E9F}.Release|Any CPU.Build.0 = Release|Any CPU
		{B62B513D-EFE8-4F24-9BB2-9B928DA99E9F}.Release|Mixed Platforms.ActiveCfg = Release|Any CPU
		{B62B513D-EFE8-4F24-9BB2-9B928DA99E9F}.Release|Mixed Platforms.Build.0 = Release|Any CPU
		{B62B513D-EFE8-4F24-9BB2-9B928DA99E9F}.Release|x86.ActiveCfg = Release|Any CPU
		{B1DB2F70-31F0-4A54-9914-36E1FA6EDB1F}.Debug|Any CPU.ActiveCfg = Debug
		{B1DB2F70-31F0-4A54-9914-36E1FA6EDB1F}.Debug|Mixed Platforms.ActiveCfg = Debug
		{B1DB2F70-31F0-4A54-9914-36E1FA6EDB1F}.Debug|x86.ActiveCfg = Debug
		{B1DB2F70-31F0-4A54-9914-36E1FA6EDB1F}.Release|Any CPU.ActiveCfg = Release
		{B1DB2F70-31F0-4A54-9914-36E1FA6EDB1F}.Release|Mixed Platforms.ActiveCfg = Release
		{B1DB2F70-31F0-4A54-9914-36E1FA6EDB1F}.Release|x86.ActiveCfg = Release
		{21B7D4DF-E32D-41E2-B6EF-B6D56CDDBFB9}.Debug|Any CPU.ActiveCfg = Debug|Any CPU
		{21B7D4DF-E32D-41E2-B6EF-B6D56CDDBFB9}.Debug|Any CPU.Build.0 = Debug|Any CPU
		{21B7D4DF-E32D-41E2-B6EF-B6D56CDDBFB9}.Debug|Mixed Platforms.ActiveCfg = Debug|Any CPU
		{21B7D4DF-E32D-41E2-B6EF-B6D56CDDBFB9}.Debug|Mixed Platforms.Build.0 = Debug|Any CPU
		{21B7D4DF-E32D-41E2-B6EF-B6D56CDDBFB9}.Debug|x86.ActiveCfg = Debug|Any CPU
		{21B7D4DF-E32D-41E2-B6EF-B6D56CDDBFB9}.Release|Any CPU.ActiveCfg = Release|Any CPU
		{21B7D4DF-E32D-41E2-B6EF-B6D56CDDBFB9}.Release|Any CPU.Build.0 = Release|Any CPU
		{21B7D4DF-E32D-41E2-B6EF-B6D56CDDBFB9}.Release|Mixed Platforms.ActiveCfg = Release|Any CPU
		{21B7D4DF-E32D-41E2-B6EF-B6D56CDDBFB9}.Release|Mixed Platforms.Build.0 = Release|Any CPU
		{21B7D4DF-E32D-41E2-B6EF-B6D56CDDBFB9}.Release|x86.ActiveCfg = Release|Any CPU
		{F282DDDE-76B1-456F-8D89-6A9AD13B86A8}.Debug|Any CPU.ActiveCfg = Debug|Any CPU
		{F282DDDE-76B1-456F-8D89-6A9AD13B86A8}.Debug|Any CPU.Build.0 = Debug|Any CPU
		{F282DDDE-76B1-456F-8D89-6A9AD13B86A8}.Debug|Mixed Platforms.ActiveCfg = Debug|Any CPU
		{F282DDDE-76B1-456F-8D89-6A9AD13B86A8}.Debug|Mixed Platforms.Build.0 = Debug|Any CPU
		{F282DDDE-76B1-456F-8D89-6A9AD13B86A8}.Debug|x86.ActiveCfg = Debug|Any CPU
		{F282DDDE-76B1-456F-8D89-6A9AD13B86A8}.Release|Any CPU.ActiveCfg = Release|Any CPU
		{F282DDDE-76B1-456F-8D89-6A9AD13B86A8}.Release|Any CPU.Build.0 = Release|Any CPU
		{F282DDDE-76B1-456F-8D89-6A9AD13B86A8}.Release|Mixed Platforms.ActiveCfg = Release|Any CPU
		{F282DDDE-76B1-456F-8D89-6A9AD13B86A8}.Release|Mixed Platforms.Build.0 = Release|Any CPU
		{F282DDDE-76B1-456F-8D89-6A9AD13B86A8}.Release|x86.ActiveCfg = Release|Any CPU
		{B27C82BA-2964-46D3-880B-A5AA9C446266}.Debug|Any CPU.ActiveCfg = Debug|Any CPU
		{B27C82BA-2964-46D3-880B-A5AA9C446266}.Debug|Any CPU.Build.0 = Debug|Any CPU
		{B27C82BA-2964-46D3-880B-A5AA9C446266}.Debug|Mixed Platforms.ActiveCfg = Debug|Any CPU
		{B27C82BA-2964-46D3-880B-A5AA9C446266}.Debug|Mixed Platforms.Build.0 = Debug|Any CPU
		{B27C82BA-2964-46D3-880B-A5AA9C446266}.Debug|x86.ActiveCfg = Debug|Any CPU
		{B27C82BA-2964-46D3-880B-A5AA9C446266}.Release|Any CPU.ActiveCfg = Release|Any CPU
		{B27C82BA-2964-46D3-880B-A5AA9C446266}.Release|Any CPU.Build.0 = Release|Any CPU
		{B27C82BA-2964-46D3-880B-A5AA9C446266}.Release|Mixed Platforms.ActiveCfg = Release|Any CPU
		{B27C82BA-2964-46D3-880B-A5AA9C446266}.Release|Mixed Platforms.Build.0 = Release|Any CPU
		{B27C82BA-2964-46D3-880B-A5AA9C446266}.Release|x86.ActiveCfg = Release|Any CPU
		{EA4447CF-D8C8-4A36-8605-1C5E9A8029BF}.Debug|Any CPU.ActiveCfg = Debug|Any CPU
		{EA4447CF-D8C8-4A36-8605-1C5E9A8029BF}.Debug|Any CPU.Build.0 = Debug|Any CPU
		{EA4447CF-D8C8-4A36-8605-1C5E9A8029BF}.Debug|Mixed Platforms.ActiveCfg = Debug|Any CPU
		{EA4447CF-D8C8-4A36-8605-1C5E9A8029BF}.Debug|Mixed Platforms.Build.0 = Debug|Any CPU
		{EA4447CF-D8C8-4A36-8605-1C5E9A8029BF}.Debug|x86.ActiveCfg = Debug|Any CPU
		{EA4447CF-D8C8-4A36-8605-1C5E9A8029BF}.Release|Any CPU.ActiveCfg = Release|Any CPU
		{EA4447CF-D8C8-4A36-8605-1C5E9A8029BF}.Release|Any CPU.Build.0 = Release|Any CPU
		{EA4447CF-D8C8-4A36-8605-1C5E9A8029BF}.Release|Mixed Platforms.ActiveCfg = Release|Any CPU
		{EA4447CF-D8C8-4A36-8605-1C5E9A8029BF}.Release|Mixed Platforms.Build.0 = Release|Any CPU
		{EA4447CF-D8C8-4A36-8605-1C5E9A8029BF}.Release|x86.ActiveCfg = Release|Any CPU
	EndGlobalSection
	GlobalSection(SolutionProperties) = preSolution
		HideSolutionNode = FALSE
	EndGlobalSection
	GlobalSection(NestedProjects) = preSolution
		{3AD822D2-ABEA-4D22-B082-ED3D62D94048} = {1A122928-0278-4F9A-98E8-349A1339EA2B}
		{0D88815B-0B46-4E48-8186-1883771C4F5D} = {1A122928-0278-4F9A-98E8-349A1339EA2B}
		{F9D2B200-47C6-4E1E-A5B3-53558DED8167} = {1A122928-0278-4F9A-98E8-349A1339EA2B}
		{139985F1-0795-44DF-B871-1CFF9BF55039} = {12162C14-F1E1-4790-91B1-030C7A38358D}
		{EE3670F7-6089-4855-9127-52B4A7D29BAF} = {12162C14-F1E1-4790-91B1-030C7A38358D}
		{1D203555-4C46-4753-837C-1B20D022B5C1} = {82982FF0-B777-42FC-AF19-A3BA13F9ED28}
		{22193D1A-A146-4E98-837B-E4273E11909A} = {82982FF0-B777-42FC-AF19-A3BA13F9ED28}
		{D3F8BF43-B900-4A83-81C2-3131A6BF7C90} = {82982FF0-B777-42FC-AF19-A3BA13F9ED28}
		{4F3245C8-57CF-4C24-BACF-A0E40F6B80C3} = {82982FF0-B777-42FC-AF19-A3BA13F9ED28}
		{CC61A49B-06BA-43A6-A74A-1BA2955F3C04} = {2F410050-A1ED-439C-8B32-9C79F3A931ED}
		{2470CAA8-2FB9-4FFC-9034-A8571A7586CB} = {2F410050-A1ED-439C-8B32-9C79F3A931ED}
		{2BD3089A-75CA-4ED8-97C4-AFDF05F3C565} = {1A122928-0278-4F9A-98E8-349A1339EA2B}
		{AECB1BFB-D9EB-4846-B955-FCCEF72538C1} = {2F410050-A1ED-439C-8B32-9C79F3A931ED}
		{B62B513D-EFE8-4F24-9BB2-9B928DA99E9F} = {2F410050-A1ED-439C-8B32-9C79F3A931ED}
		{B1DB2F70-31F0-4A54-9914-36E1FA6EDB1F} = {EB7074E9-CE23-483E-80A0-BDD62AD24EA9}
		{21B7D4DF-E32D-41E2-B6EF-B6D56CDDBFB9} = {2F410050-A1ED-439C-8B32-9C79F3A931ED}
		{F282DDDE-76B1-456F-8D89-6A9AD13B86A8} = {EB7074E9-CE23-483E-80A0-BDD62AD24EA9}
		{B27C82BA-2964-46D3-880B-A5AA9C446266} = {EB7074E9-CE23-483E-80A0-BDD62AD24EA9}
		{EA4447CF-D8C8-4A36-8605-1C5E9A8029BF} = {2F410050-A1ED-439C-8B32-9C79F3A931ED}
	EndGlobalSection
	GlobalSection(TestCaseManagementSettings) = postSolution
		CategoryFile = Kingdee.CAPP.vsmdi
	EndGlobalSection
EndGlobal
